
Microsoft Visual Studio Solution File, Format Version 12.00
# Visual Studio Version 17
VisualStudioVersion = 17.0.31903.59
MinimumVisualStudioVersion = 10.0.40219.1
Project("{2150E333-8FDC-42A3-9474-1A3956D46DE8}") = "Mawidy-backend", "Mawidy-backend", "{F7F425BC-265C-E3DA-3F39-C1600FC27969}"
EndProject
Project("{FAE04EC0-301F-11D3-BF4B-00C04F79EFBC}") = "Mawidy.Domain", "Mawidy-backend\Mawidy.Domain\Mawidy.Domain.csproj", "{BD100296-99C7-44EA-9D7A-2B198367C773}"
EndProject
Project("{FAE04EC0-301F-11D3-BF4B-00C04F79EFBC}") = "Mawidy.Application", "Mawidy-backend\Mawidy.Application\Mawidy.Application.csproj", "{1B6CA9F5-2435-49F4-9524-E8102AD7053D}"
EndProject
Project("{FAE04EC0-301F-11D3-BF4B-00C04F79EFBC}") = "Mawidy.Infrastructure", "Mawidy-backend\Mawidy.Infrastructure\Mawidy.Infrastructure.csproj", "{D1CA289C-8FD7-4FEE-8835-5664D0F68927}"
EndProject
Project("{FAE04EC0-301F-11D3-BF4B-00C04F79EFBC}") = "Mawidy.API", "Mawidy-backend\Mawidy.API\Mawidy.API.csproj", "{621F1916-79E2-4A6F-AFA4-B80B5EB9BC65}"
EndProject
Project("{FAE04EC0-301F-11D3-BF4B-00C04F79EFBC}") = "Maw3dyCare", "Maw3dyCare\Maw3dyCare.csproj", "{12A4B640-79F7-4567-9686-C585C1BD1432}"
EndProject
Project("{FAE04EC0-301F-11D3-BF4B-00C04F79EFBC}") = "RegisistryV2", "RegisistryV2\RegisistryV2.csproj", "{8F1C1E20-FAF7-4A60-9277-61493D0C688D}"
EndProject
Project("{FAE04EC0-301F-11D3-BF4B-00C04F79EFBC}") = "Mw3dy", "Banks\Mawidy-backend\Mw3dy.csproj", "{73A206A2-659C-4FBE-8479-C441FD3AC05C}"
EndProject
Global
	GlobalSection(SolutionConfigurationPlatforms) = preSolution
		Debug|Any CPU = Debug|Any CPU
		Debug|x64 = Debug|x64
		Debug|x86 = Debug|x86
		Release|Any CPU = Release|Any CPU
		Release|x64 = Release|x64
		Release|x86 = Release|x86
	EndGlobalSection
	GlobalSection(ProjectConfigurationPlatforms) = postSolution
		{BD100296-99C7-44EA-9D7A-2B198367C773}.Debug|Any CPU.ActiveCfg = Debug|Any CPU
		{BD100296-99C7-44EA-9D7A-2B198367C773}.Debug|Any CPU.Build.0 = Debug|Any CPU
		{BD100296-99C7-44EA-9D7A-2B198367C773}.Debug|x64.ActiveCfg = Debug|Any CPU
		{BD100296-99C7-44EA-9D7A-2B198367C773}.Debug|x64.Build.0 = Debug|Any CPU
		{BD100296-99C7-44EA-9D7A-2B198367C773}.Debug|x86.ActiveCfg = Debug|Any CPU
		{BD100296-99C7-44EA-9D7A-2B198367C773}.Debug|x86.Build.0 = Debug|Any CPU
		{BD100296-99C7-44EA-9D7A-2B198367C773}.Release|Any CPU.ActiveCfg = Release|Any CPU
		{BD100296-99C7-44EA-9D7A-2B198367C773}.Release|Any CPU.Build.0 = Release|Any CPU
		{BD100296-99C7-44EA-9D7A-2B198367C773}.Release|x64.ActiveCfg = Release|Any CPU
		{BD100296-99C7-44EA-9D7A-2B198367C773}.Release|x64.Build.0 = Release|Any CPU
		{BD100296-99C7-44EA-9D7A-2B198367C773}.Release|x86.ActiveCfg = Release|Any CPU
		{BD100296-99C7-44EA-9D7A-2B198367C773}.Release|x86.Build.0 = Release|Any CPU
		{1B6CA9F5-2435-49F4-9524-E8102AD7053D}.Debug|Any CPU.ActiveCfg = Debug|Any CPU
		{1B6CA9F5-2435-49F4-9524-E8102AD7053D}.Debug|Any CPU.Build.0 = Debug|Any CPU
		{1B6CA9F5-2435-49F4-9524-E8102AD7053D}.Debug|x64.ActiveCfg = Debug|Any CPU
		{1B6CA9F5-2435-49F4-9524-E8102AD7053D}.Debug|x64.Build.0 = Debug|Any CPU
		{1B6CA9F5-2435-49F4-9524-E8102AD7053D}.Debug|x86.ActiveCfg = Debug|Any CPU
		{1B6CA9F5-2435-49F4-9524-E8102AD7053D}.Debug|x86.Build.0 = Debug|Any CPU
		{1B6CA9F5-2435-49F4-9524-E8102AD7053D}.Release|Any CPU.ActiveCfg = Release|Any CPU
		{1B6CA9F5-2435-49F4-9524-E8102AD7053D}.Release|Any CPU.Build.0 = Release|Any CPU
		{1B6CA9F5-2435-49F4-9524-E8102AD7053D}.Release|x64.ActiveCfg = Release|Any CPU
		{1B6CA9F5-2435-49F4-9524-E8102AD7053D}.Release|x64.Build.0 = Release|Any CPU
		{1B6CA9F5-2435-49F4-9524-E8102AD7053D}.Release|x86.ActiveCfg = Release|Any CPU
		{1B6CA9F5-2435-49F4-9524-E8102AD7053D}.Release|x86.Build.0 = Release|Any CPU
		{D1CA289C-8FD7-4FEE-8835-5664D0F68927}.Debug|Any CPU.ActiveCfg = Debug|Any CPU
		{D1CA289C-8FD7-4FEE-8835-5664D0F68927}.Debug|Any CPU.Build.0 = Debug|Any CPU
		{D1CA289C-8FD7-4FEE-8835-5664D0F68927}.Debug|x64.ActiveCfg = Debug|Any CPU
		{D1CA289C-8FD7-4FEE-8835-5664D0F68927}.Debug|x64.Build.0 = Debug|Any CPU
		{D1CA289C-8FD7-4FEE-8835-5664D0F68927}.Debug|x86.ActiveCfg = Debug|Any CPU
		{D1CA289C-8FD7-4FEE-8835-5664D0F68927}.Debug|x86.Build.0 = Debug|Any CPU
		{D1CA289C-8FD7-4FEE-8835-5664D0F68927}.Release|Any CPU.ActiveCfg = Release|Any CPU
		{D1CA289C-8FD7-4FEE-8835-5664D0F68927}.Release|Any CPU.Build.0 = Release|Any CPU
		{D1CA289C-8FD7-4FEE-8835-5664D0F68927}.Release|x64.ActiveCfg = Release|Any CPU
		{D1CA289C-8FD7-4FEE-8835-5664D0F68927}.Release|x64.Build.0 = Release|Any CPU
		{D1CA289C-8FD7-4FEE-8835-5664D0F68927}.Release|x86.ActiveCfg = Release|Any CPU
		{D1CA289C-8FD7-4FEE-8835-5664D0F68927}.Release|x86.Build.0 = Release|Any CPU
		{621F1916-79E2-4A6F-AFA4-B80B5EB9BC65}.Debug|Any CPU.ActiveCfg = Debug|Any CPU
		{621F1916-79E2-4A6F-AFA4-B80B5EB9BC65}.Debug|Any CPU.Build.0 = Debug|Any CPU
		{621F1916-79E2-4A6F-AFA4-B80B5EB9BC65}.Debug|x64.ActiveCfg = Debug|Any CPU
		{621F1916-79E2-4A6F-AFA4-B80B5EB9BC65}.Debug|x64.Build.0 = Debug|Any CPU
		{621F1916-79E2-4A6F-AFA4-B80B5EB9BC65}.Debug|x86.ActiveCfg = Debug|Any CPU
		{621F1916-79E2-4A6F-AFA4-B80B5EB9BC65}.Debug|x86.Build.0 = Debug|Any CPU
		{621F1916-79E2-4A6F-AFA4-B80B5EB9BC65}.Release|Any CPU.ActiveCfg = Release|Any CPU
		{621F1916-79E2-4A6F-AFA4-B80B5EB9BC65}.Release|Any CPU.Build.0 = Release|Any CPU
		{621F1916-79E2-4A6F-AFA4-B80B5EB9BC65}.Release|x64.ActiveCfg = Release|Any CPU
		{621F1916-79E2-4A6F-AFA4-B80B5EB9BC65}.Release|x64.Build.0 = Release|Any CPU
		{621F1916-79E2-4A6F-AFA4-B80B5EB9BC65}.Release|x86.ActiveCfg = Release|Any CPU
		{621F1916-79E2-4A6F-AFA4-B80B5EB9BC65}.Release|x86.Build.0 = Release|Any CPU
		{12A4B640-79F7-4567-9686-C585C1BD1432}.Debug|Any CPU.ActiveCfg = Debug|Any CPU
		{12A4B640-79F7-4567-9686-C585C1BD1432}.Debug|Any CPU.Build.0 = Debug|Any CPU
		{12A4B640-79F7-4567-9686-C585C1BD1432}.Debug|x64.ActiveCfg = Debug|Any CPU
		{12A4B640-79F7-4567-9686-C585C1BD1432}.Debug|x64.Build.0 = Debug|Any CPU
		{12A4B640-79F7-4567-9686-C585C1BD1432}.Debug|x86.ActiveCfg = Debug|Any CPU
		{12A4B640-79F7-4567-9686-C585C1BD1432}.Debug|x86.Build.0 = Debug|Any CPU
		{12A4B640-79F7-4567-9686-C585C1BD1432}.Release|Any CPU.ActiveCfg = Release|Any CPU
		{12A4B640-79F7-4567-9686-C585C1BD1432}.Release|Any CPU.Build.0 = Release|Any CPU
		{12A4B640-79F7-4567-9686-C585C1BD1432}.Release|x64.ActiveCfg = Release|Any CPU
		{12A4B640-79F7-4567-9686-C585C1BD1432}.Release|x64.Build.0 = Release|Any CPU
		{12A4B640-79F7-4567-9686-C585C1BD1432}.Release|x86.ActiveCfg = Release|Any CPU
		{12A4B640-79F7-4567-9686-C585C1BD1432}.Release|x86.Build.0 = Release|Any CPU
		{8F1C1E20-FAF7-4A60-9277-61493D0C688D}.Debug|Any CPU.ActiveCfg = Debug|Any CPU
		{8F1C1E20-FAF7-4A60-9277-61493D0C688D}.Debug|Any CPU.Build.0 = Debug|Any CPU
		{8F1C1E20-FAF7-4A60-9277-61493D0C688D}.Debug|x64.ActiveCfg = Debug|Any CPU
		{8F1C1E20-FAF7-4A60-9277-61493D0C688D}.Debug|x64.Build.0 = Debug|Any CPU
		{8F1C1E20-FAF7-4A60-9277-61493D0C688D}.Debug|x86.ActiveCfg = Debug|Any CPU
		{8F1C1E20-FAF7-4A60-9277-61493D0C688D}.Debug|x86.Build.0 = Debug|Any CPU
		{8F1C1E20-FAF7-4A60-9277-61493D0C688D}.Release|Any CPU.ActiveCfg = Release|Any CPU
		{8F1C1E20-FAF7-4A60-9277-61493D0C688D}.Release|Any CPU.Build.0 = Release|Any CPU
		{8F1C1E20-FAF7-4A60-9277-61493D0C688D}.Release|x64.ActiveCfg = Release|Any CPU
		{8F1C1E20-FAF7-4A60-9277-61493D0C688D}.Release|x64.Build.0 = Release|Any CPU
		{8F1C1E20-FAF7-4A60-9277-61493D0C688D}.Release|x86.ActiveCfg = Release|Any CPU
		{8F1C1E20-FAF7-4A60-9277-61493D0C688D}.Release|x86.Build.0 = Release|Any CPU
		{73A206A2-659C-4FBE-8479-C441FD3AC05C}.Debug|Any CPU.ActiveCfg = Debug|Any CPU
		{73A206A2-659C-4FBE-8479-C441FD3AC05C}.Debug|Any CPU.Build.0 = Debug|Any CPU
		{73A206A2-659C-4FBE-8479-C441FD3AC05C}.Debug|x64.ActiveCfg = Debug|Any CPU
		{73A206A2-659C-4FBE-8479-C441FD3AC05C}.Debug|x64.Build.0 = Debug|Any CPU
		{73A206A2-659C-4FBE-8479-C441FD3AC05C}.Debug|x86.ActiveCfg = Debug|Any CPU
		{73A206A2-659C-4FBE-8479-C441FD3AC05C}.Debug|x86.Build.0 = Debug|Any CPU
		{73A206A2-659C-4FBE-8479-C441FD3AC05C}.Release|Any CPU.ActiveCfg = Release|Any CPU
		{73A206A2-659C-4FBE-8479-C441FD3AC05C}.Release|Any CPU.Build.0 = Release|Any CPU
		{73A206A2-659C-4FBE-8479-C441FD3AC05C}.Release|x64.ActiveCfg = Release|Any CPU
		{73A206A2-659C-4FBE-8479-C441FD3AC05C}.Release|x64.Build.0 = Release|Any CPU
		{73A206A2-659C-4FBE-8479-C441FD3AC05C}.Release|x86.ActiveCfg = Release|Any CPU
		{73A206A2-659C-4FBE-8479-C441FD3AC05C}.Release|x86.Build.0 = Release|Any CPU
	EndGlobalSection
	GlobalSection(SolutionProperties) = preSolution
		HideSolutionNode = FALSE
	EndGlobalSection
	GlobalSection(NestedProjects) = preSolution
		{BD100296-99C7-44EA-9D7A-2B198367C773} = {F7F425BC-265C-E3DA-3F39-C1600FC27969}
		{1B6CA9F5-2435-49F4-9524-E8102AD7053D} = {F7F425BC-265C-E3DA-3F39-C1600FC27969}
		{D1CA289C-8FD7-4FEE-8835-5664D0F68927} = {F7F425BC-265C-E3DA-3F39-C1600FC27969}
		{621F1916-79E2-4A6F-AFA4-B80B5EB9BC65} = {F7F425BC-265C-E3DA-3F39-C1600FC27969}
		{12A4B640-79F7-4567-9686-C585C1BD1432} = {F7F425BC-265C-E3DA-3F39-C1600FC27969}
		{8F1C1E20-FAF7-4A60-9277-61493D0C688D} = {F7F425BC-265C-E3DA-3F39-C1600FC27969}
		{73A206A2-659C-4FBE-8479-C441FD3AC05C} = {F7F425BC-265C-E3DA-3F39-C1600FC27969}
	EndGlobalSection
EndGlobal
